// !$*UTF8*$!
{
	archiveVersion = 1;
	classes = {
	};
	objectVersion = 56;
	objects = {

/* Begin PBXBuildFile section */
		EA8B912A2CD154A000FAA9FC /* LaunchScreen.storyboard in Resources */ = {isa = PBXBuildFile; fileRef = EA8B91292CD154A000FAA9FC /* LaunchScreen.storyboard */; };
		EA8B912D2CD1816400FAA9FC /* TextFieldView.swift in Sources */ = {isa = PBXBuildFile; fileRef = EA8B912C2CD1815600FAA9FC /* TextFieldView.swift */; };
		EA8B912F2CD1890C00FAA9FC /* HeaderView.swift in Sources */ = {isa = PBXBuildFile; fileRef = EA8B912E2CD1890800FAA9FC /* HeaderView.swift */; };
		EAA7EEBD2CE3FFD90073BCBA /* Localizable.strings in Resources */ = {isa = PBXBuildFile; fileRef = EAA7EEBB2CE3FFD90073BCBA /* Localizable.strings */; };
		EAA7EEC12CE4035A0073BCBA /* TuistStrings + SunaTeam.swift in Sources */ = {isa = PBXBuildFile; fileRef = EAA7EEC02CE4034A0073BCBA /* TuistStrings + SunaTeam.swift */; };
		EAB9864E2CCF9A3400A45C3B /* SignUpScreenView.swift in Sources */ = {isa = PBXBuildFile; fileRef = EAB9864D2CCF9A2400A45C3B /* SignUpScreenView.swift */; };
		EAB986542CD00A5200A45C3B /* SignInScreenView.swift in Sources */ = {isa = PBXBuildFile; fileRef = EAB986532CD00A4900A45C3B /* SignInScreenView.swift */; };
		EAC5C4932CCECB26008A6113 /* ButtonsView.swift in Sources */ = {isa = PBXBuildFile; fileRef = EAC5C4922CCECB26008A6113 /* ButtonsView.swift */; };
		EACB4F3A2CCEB71800138488 /* SunaTeamApp.swift in Sources */ = {isa = PBXBuildFile; fileRef = EACB4F392CCEB71800138488 /* SunaTeamApp.swift */; };
		EACB4F3C2CCEB71800138488 /* StartScreenView.swift in Sources */ = {isa = PBXBuildFile; fileRef = EACB4F3B2CCEB71800138488 /* StartScreenView.swift */; };
		EACB4F3E2CCEB71A00138488 /* Assets.xcassets in Resources */ = {isa = PBXBuildFile; fileRef = EACB4F3D2CCEB71A00138488 /* Assets.xcassets */; };
		EACB4F412CCEB71A00138488 /* Preview Assets.xcassets in Resources */ = {isa = PBXBuildFile; fileRef = EACB4F402CCEB71A00138488 /* Preview Assets.xcassets */; };
/* End PBXBuildFile section */

/* Begin PBXFileReference section */
		EA8B91292CD154A000FAA9FC /* LaunchScreen.storyboard */ = {isa = PBXFileReference; lastKnownFileType = file.storyboard; path = LaunchScreen.storyboard; sourceTree = "<group>"; };
		EA8B912B2CD158D300FAA9FC /* Info.plist */ = {isa = PBXFileReference; lastKnownFileType = text.plist; path = Info.plist; sourceTree = "<group>"; };
		EA8B912C2CD1815600FAA9FC /* TextFieldView.swift */ = {isa = PBXFileReference; lastKnownFileType = sourcecode.swift; path = TextFieldView.swift; sourceTree = "<group>"; };
		EA8B912E2CD1890800FAA9FC /* HeaderView.swift */ = {isa = PBXFileReference; lastKnownFileType = sourcecode.swift; path = HeaderView.swift; sourceTree = "<group>"; };
		EAA7EEBC2CE3FFD90073BCBA /* en */ = {isa = PBXFileReference; lastKnownFileType = text.plist.strings; name = en; path = en.lproj/Localizable.strings; sourceTree = "<group>"; };
		EAA7EEBE2CE3FFE20073BCBA /* ru */ = {isa = PBXFileReference; lastKnownFileType = text.plist.strings; name = ru; path = ru.lproj/Localizable.strings; sourceTree = "<group>"; };
		EAA7EEC02CE4034A0073BCBA /* TuistStrings + SunaTeam.swift */ = {isa = PBXFileReference; lastKnownFileType = sourcecode.swift; path = "TuistStrings + SunaTeam.swift"; sourceTree = "<group>"; };
		EAB9864D2CCF9A2400A45C3B /* SignUpScreenView.swift */ = {isa = PBXFileReference; lastKnownFileType = sourcecode.swift; path = SignUpScreenView.swift; sourceTree = "<group>"; };
		EAB986532CD00A4900A45C3B /* SignInScreenView.swift */ = {isa = PBXFileReference; lastKnownFileType = sourcecode.swift; path = SignInScreenView.swift; sourceTree = "<group>"; };
		EAC5C4922CCECB26008A6113 /* ButtonsView.swift */ = {isa = PBXFileReference; lastKnownFileType = sourcecode.swift; path = ButtonsView.swift; sourceTree = "<group>"; };
		EACB4F362CCEB71800138488 /* SunaTeam.app */ = {isa = PBXFileReference; explicitFileType = wrapper.application; includeInIndex = 0; path = SunaTeam.app; sourceTree = BUILT_PRODUCTS_DIR; };
		EACB4F392CCEB71800138488 /* SunaTeamApp.swift */ = {isa = PBXFileReference; lastKnownFileType = sourcecode.swift; path = SunaTeamApp.swift; sourceTree = "<group>"; };
		EACB4F3B2CCEB71800138488 /* StartScreenView.swift */ = {isa = PBXFileReference; lastKnownFileType = sourcecode.swift; path = StartScreenView.swift; sourceTree = "<group>"; };
		EACB4F3D2CCEB71A00138488 /* Assets.xcassets */ = {isa = PBXFileReference; lastKnownFileType = folder.assetcatalog; path = Assets.xcassets; sourceTree = "<group>"; };
		EACB4F402CCEB71A00138488 /* Preview Assets.xcassets */ = {isa = PBXFileReference; lastKnownFileType = folder.assetcatalog; path = "Preview Assets.xcassets"; sourceTree = "<group>"; };
/* End PBXFileReference section */

/* Begin PBXFrameworksBuildPhase section */
		EACB4F332CCEB71800138488 /* Frameworks */ = {
			isa = PBXFrameworksBuildPhase;
			buildActionMask = 2147483647;
			files = (
			);
			runOnlyForDeploymentPostprocessing = 0;
		};
/* End PBXFrameworksBuildPhase section */

/* Begin PBXGroup section */
		EAB986482CCF975900A45C3B /* Auth */ = {
			isa = PBXGroup;
			children = (
				EAB9864C2CCF991B00A45C3B /* SignInScreen */,
				EAB9864B2CCF98F300A45C3B /* SignUpScreen */,
				EAB9864A2CCF980100A45C3B /* StartScreen */,
				EAB986572CD00A8E00A45C3B /* Elements */,
			);
			path = Auth;
			sourceTree = "<group>";
		};
		EAB986492CCF97DD00A45C3B /* App */ = {
			isa = PBXGroup;
			children = (
				EACB4F392CCEB71800138488 /* SunaTeamApp.swift */,
			);
			path = App;
			sourceTree = "<group>";
		};
		EAB9864A2CCF980100A45C3B /* StartScreen */ = {
			isa = PBXGroup;
			children = (
				EACB4F3B2CCEB71800138488 /* StartScreenView.swift */,
				EA8B91292CD154A000FAA9FC /* LaunchScreen.storyboard */,
			);
			path = StartScreen;
			sourceTree = "<group>";
		};
		EAB9864B2CCF98F300A45C3B /* SignUpScreen */ = {
			isa = PBXGroup;
			children = (
				EAB9864D2CCF9A2400A45C3B /* SignUpScreenView.swift */,
			);
			path = SignUpScreen;
			sourceTree = "<group>";
		};
		EAB9864C2CCF991B00A45C3B /* SignInScreen */ = {
			isa = PBXGroup;
			children = (
				EAB986532CD00A4900A45C3B /* SignInScreenView.swift */,
			);
			path = SignInScreen;
			sourceTree = "<group>";
		};
		EAB986572CD00A8E00A45C3B /* Elements */ = {
			isa = PBXGroup;
			children = (
				EA8B912E2CD1890800FAA9FC /* HeaderView.swift */,
				EA8B912C2CD1815600FAA9FC /* TextFieldView.swift */,
				EAC5C4922CCECB26008A6113 /* ButtonsView.swift */,
			);
			path = Elements;
			sourceTree = "<group>";
		};
		EACB4F2D2CCEB71800138488 = {
			isa = PBXGroup;
			children = (
				EACB4F382CCEB71800138488 /* SunaTeam */,
				EACB4F372CCEB71800138488 /* Products */,
			);
			sourceTree = "<group>";
		};
		EACB4F372CCEB71800138488 /* Products */ = {
			isa = PBXGroup;
			children = (
				EACB4F362CCEB71800138488 /* SunaTeam.app */,
			);
			name = Products;
			sourceTree = "<group>";
		};
		EACB4F382CCEB71800138488 /* SunaTeam */ = {
			isa = PBXGroup;
			children = (
				EAA7EEC02CE4034A0073BCBA /* TuistStrings + SunaTeam.swift */,
				EA8B912B2CD158D300FAA9FC /* Info.plist */,
				EAB986492CCF97DD00A45C3B /* App */,
				EAB986482CCF975900A45C3B /* Auth */,
				EACB4F3D2CCEB71A00138488 /* Assets.xcassets */,
				EACB4F3F2CCEB71A00138488 /* Preview Content */,
				EAA7EEBB2CE3FFD90073BCBA /* Localizable.strings */,
			);
			path = SunaTeam;
			sourceTree = "<group>";
		};
		EACB4F3F2CCEB71A00138488 /* Preview Content */ = {
			isa = PBXGroup;
			children = (
				EACB4F402CCEB71A00138488 /* Preview Assets.xcassets */,
			);
			path = "Preview Content";
			sourceTree = "<group>";
		};
/* End PBXGroup section */

/* Begin PBXNativeTarget section */
		EACB4F352CCEB71800138488 /* SunaTeam */ = {
			isa = PBXNativeTarget;
			buildConfigurationList = EACB4F442CCEB71A00138488 /* Build configuration list for PBXNativeTarget "SunaTeam" */;
			buildPhases = (
				EACB4F322CCEB71800138488 /* Sources */,
				EACB4F332CCEB71800138488 /* Frameworks */,
				EACB4F342CCEB71800138488 /* Resources */,
			);
			buildRules = (
			);
			dependencies = (
			);
			name = SunaTeam;
			productName = SunaTeam;
			productReference = EACB4F362CCEB71800138488 /* SunaTeam.app */;
			productType = "com.apple.product-type.application";
		};
/* End PBXNativeTarget section */

/* Begin PBXProject section */
		EACB4F2E2CCEB71800138488 /* Project object */ = {
			isa = PBXProject;
			attributes = {
				BuildIndependentTargetsInParallel = 1;
				LastSwiftUpdateCheck = 1530;
				LastUpgradeCheck = 1530;
				TargetAttributes = {
					EACB4F352CCEB71800138488 = {
						CreatedOnToolsVersion = 15.3;
					};
				};
			};
			buildConfigurationList = EACB4F312CCEB71800138488 /* Build configuration list for PBXProject "SunaTeam" */;
			compatibilityVersion = "Xcode 14.0";
			developmentRegion = en;
			hasScannedForEncodings = 0;
			knownRegions = (
				en,
				Base,
				ru,
			);
			mainGroup = EACB4F2D2CCEB71800138488;
			packageReferences = (
				EAA7EEBF2CE403170073BCBA /* XCRemoteSwiftPackageReference "tuist" */,
			);
			productRefGroup = EACB4F372CCEB71800138488 /* Products */;
			projectDirPath = "";
			projectRoot = "";
			targets = (
				EACB4F352CCEB71800138488 /* SunaTeam */,
			);
		};
/* End PBXProject section */

/* Begin PBXResourcesBuildPhase section */
		EACB4F342CCEB71800138488 /* Resources */ = {
			isa = PBXResourcesBuildPhase;
			buildActionMask = 2147483647;
			files = (
				EA8B912A2CD154A000FAA9FC /* LaunchScreen.storyboard in Resources */,
				EAA7EEBD2CE3FFD90073BCBA /* Localizable.strings in Resources */,
				EACB4F412CCEB71A00138488 /* Preview Assets.xcassets in Resources */,
				EACB4F3E2CCEB71A00138488 /* Assets.xcassets in Resources */,
			);
			runOnlyForDeploymentPostprocessing = 0;
		};
/* End PBXResourcesBuildPhase section */

/* Begin PBXSourcesBuildPhase section */
		EACB4F322CCEB71800138488 /* Sources */ = {
			isa = PBXSourcesBuildPhase;
			buildActionMask = 2147483647;
			files = (
				EAB9864E2CCF9A3400A45C3B /* SignUpScreenView.swift in Sources */,
				EAC5C4932CCECB26008A6113 /* ButtonsView.swift in Sources */,
				EACB4F3C2CCEB71800138488 /* StartScreenView.swift in Sources */,
				EACB4F3A2CCEB71800138488 /* SunaTeamApp.swift in Sources */,
				EAA7EEC12CE4035A0073BCBA /* TuistStrings + SunaTeam.swift in Sources */,
				EA8B912F2CD1890C00FAA9FC /* HeaderView.swift in Sources */,
				EAB986542CD00A5200A45C3B /* SignInScreenView.swift in Sources */,
				EA8B912D2CD1816400FAA9FC /* TextFieldView.swift in Sources */,
			);
			runOnlyForDeploymentPostprocessing = 0;
		};
/* End PBXSourcesBuildPhase section */

/* Begin PBXVariantGroup section */
		EAA7EEBB2CE3FFD90073BCBA /* Localizable.strings */ = {
			isa = PBXVariantGroup;
			children = (
				EAA7EEBC2CE3FFD90073BCBA /* en */,
				EAA7EEBE2CE3FFE20073BCBA /* ru */,
			);
			name = Localizable.strings;
			sourceTree = "<group>";
		};
/* End PBXVariantGroup section */

/* Begin XCBuildConfiguration section */
		EACB4F422CCEB71A00138488 /* Debug */ = {
			isa = XCBuildConfiguration;
			buildSettings = {
				ALWAYS_SEARCH_USER_PATHS = NO;
				ASSETCATALOG_COMPILER_GENERATE_SWIFT_ASSET_SYMBOL_EXTENSIONS = YES;
				CLANG_ANALYZER_LOCALIZABILITY_NONLOCALIZED = YES;
				CLANG_ANALYZER_NONNULL = YES;
				CLANG_ANALYZER_NUMBER_OBJECT_CONVERSION = YES_AGGRESSIVE;
				CLANG_CXX_LANGUAGE_STANDARD = "gnu++20";
				CLANG_ENABLE_MODULES = YES;
				CLANG_ENABLE_OBJC_ARC = YES;
				CLANG_ENABLE_OBJC_WEAK = YES;
				CLANG_WARN_BLOCK_CAPTURE_AUTORELEASING = YES;
				CLANG_WARN_BOOL_CONVERSION = YES;
				CLANG_WARN_COMMA = YES;
				CLANG_WARN_CONSTANT_CONVERSION = YES;
				CLANG_WARN_DEPRECATED_OBJC_IMPLEMENTATIONS = YES;
				CLANG_WARN_DIRECT_OBJC_ISA_USAGE = YES_ERROR;
				CLANG_WARN_DOCUMENTATION_COMMENTS = YES;
				CLANG_WARN_EMPTY_BODY = YES;
				CLANG_WARN_ENUM_CONVERSION = YES;
				CLANG_WARN_INFINITE_RECURSION = YES;
				CLANG_WARN_INT_CONVERSION = YES;
				CLANG_WARN_NON_LITERAL_NULL_CONVERSION = YES;
				CLANG_WARN_OBJC_IMPLICIT_RETAIN_SELF = YES;
				CLANG_WARN_OBJC_LITERAL_CONVERSION = YES;
				CLANG_WARN_OBJC_ROOT_CLASS = YES_ERROR;
				CLANG_WARN_QUOTED_INCLUDE_IN_FRAMEWORK_HEADER = YES;
				CLANG_WARN_RANGE_LOOP_ANALYSIS = YES;
				CLANG_WARN_STRICT_PROTOTYPES = YES;
				CLANG_WARN_SUSPICIOUS_MOVE = YES;
				CLANG_WARN_UNGUARDED_AVAILABILITY = YES_AGGRESSIVE;
				CLANG_WARN_UNREACHABLE_CODE = YES;
				CLANG_WARN__DUPLICATE_METHOD_MATCH = YES;
				COPY_PHASE_STRIP = NO;
				DEBUG_INFORMATION_FORMAT = dwarf;
				ENABLE_STRICT_OBJC_MSGSEND = YES;
				ENABLE_TESTABILITY = YES;
				ENABLE_USER_SCRIPT_SANDBOXING = YES;
				GCC_C_LANGUAGE_STANDARD = gnu17;
				GCC_DYNAMIC_NO_PIC = NO;
				GCC_NO_COMMON_BLOCKS = YES;
				GCC_OPTIMIZATION_LEVEL = 0;
				GCC_PREPROCESSOR_DEFINITIONS = (
					"DEBUG=1",
					"$(inherited)",
				);
				GCC_WARN_64_TO_32_BIT_CONVERSION = YES;
				GCC_WARN_ABOUT_RETURN_TYPE = YES_ERROR;
				GCC_WARN_UNDECLARED_SELECTOR = YES;
				GCC_WARN_UNINITIALIZED_AUTOS = YES_AGGRESSIVE;
				GCC_WARN_UNUSED_FUNCTION = YES;
				GCC_WARN_UNUSED_VARIABLE = YES;
				IPHONEOS_DEPLOYMENT_TARGET = 17.4;
				LOCALIZATION_PREFERS_STRING_CATALOGS = YES;
				MTL_ENABLE_DEBUG_INFO = INCLUDE_SOURCE;
				MTL_FAST_MATH = YES;
				ONLY_ACTIVE_ARCH = YES;
				SDKROOT = iphoneos;
				SWIFT_ACTIVE_COMPILATION_CONDITIONS = "DEBUG $(inherited)";
				SWIFT_EMIT_LOC_STRINGS = YES;
				SWIFT_OPTIMIZATION_LEVEL = "-Onone";
			};
			name = Debug;
		};
		EACB4F432CCEB71A00138488 /* Release */ = {
			isa = XCBuildConfiguration;
			buildSettings = {
				ALWAYS_SEARCH_USER_PATHS = NO;
				ASSETCATALOG_COMPILER_GENERATE_SWIFT_ASSET_SYMBOL_EXTENSIONS = YES;
				CLANG_ANALYZER_LOCALIZABILITY_NONLOCALIZED = YES;
				CLANG_ANALYZER_NONNULL = YES;
				CLANG_ANALYZER_NUMBER_OBJECT_CONVERSION = YES_AGGRESSIVE;
				CLANG_CXX_LANGUAGE_STANDARD = "gnu++20";
				CLANG_ENABLE_MODULES = YES;
				CLANG_ENABLE_OBJC_ARC = YES;
				CLANG_ENABLE_OBJC_WEAK = YES;
				CLANG_WARN_BLOCK_CAPTURE_AUTORELEASING = YES;
				CLANG_WARN_BOOL_CONVERSION = YES;
				CLANG_WARN_COMMA = YES;
				CLANG_WARN_CONSTANT_CONVERSION = YES;
				CLANG_WARN_DEPRECATED_OBJC_IMPLEMENTATIONS = YES;
				CLANG_WARN_DIRECT_OBJC_ISA_USAGE = YES_ERROR;
				CLANG_WARN_DOCUMENTATION_COMMENTS = YES;
				CLANG_WARN_EMPTY_BODY = YES;
				CLANG_WARN_ENUM_CONVERSION = YES;
				CLANG_WARN_INFINITE_RECURSION = YES;
				CLANG_WARN_INT_CONVERSION = YES;
				CLANG_WARN_NON_LITERAL_NULL_CONVERSION = YES;
				CLANG_WARN_OBJC_IMPLICIT_RETAIN_SELF = YES;
				CLANG_WARN_OBJC_LITERAL_CONVERSION = YES;
				CLANG_WARN_OBJC_ROOT_CLASS = YES_ERROR;
				CLANG_WARN_QUOTED_INCLUDE_IN_FRAMEWORK_HEADER = YES;
				CLANG_WARN_RANGE_LOOP_ANALYSIS = YES;
				CLANG_WARN_STRICT_PROTOTYPES = YES;
				CLANG_WARN_SUSPICIOUS_MOVE = YES;
				CLANG_WARN_UNGUARDED_AVAILABILITY = YES_AGGRESSIVE;
				CLANG_WARN_UNREACHABLE_CODE = YES;
				CLANG_WARN__DUPLICATE_METHOD_MATCH = YES;
				COPY_PHASE_STRIP = NO;
				DEBUG_INFORMATION_FORMAT = "dwarf-with-dsym";
				ENABLE_NS_ASSERTIONS = NO;
				ENABLE_STRICT_OBJC_MSGSEND = YES;
				ENABLE_USER_SCRIPT_SANDBOXING = YES;
				GCC_C_LANGUAGE_STANDARD = gnu17;
				GCC_NO_COMMON_BLOCKS = YES;
				GCC_WARN_64_TO_32_BIT_CONVERSION = YES;
				GCC_WARN_ABOUT_RETURN_TYPE = YES_ERROR;
				GCC_WARN_UNDECLARED_SELECTOR = YES;
				GCC_WARN_UNINITIALIZED_AUTOS = YES_AGGRESSIVE;
				GCC_WARN_UNUSED_FUNCTION = YES;
				GCC_WARN_UNUSED_VARIABLE = YES;
				IPHONEOS_DEPLOYMENT_TARGET = 17.4;
				LOCALIZATION_PREFERS_STRING_CATALOGS = YES;
				MTL_ENABLE_DEBUG_INFO = NO;
				MTL_FAST_MATH = YES;
				SDKROOT = iphoneos;
				SWIFT_COMPILATION_MODE = wholemodule;
				SWIFT_EMIT_LOC_STRINGS = YES;
				VALIDATE_PRODUCT = YES;
			};
			name = Release;
		};
		EACB4F452CCEB71A00138488 /* Debug */ = {
			isa = XCBuildConfiguration;
			buildSettings = {
				ASSETCATALOG_COMPILER_APPICON_NAME = AppIcon;
				ASSETCATALOG_COMPILER_GLOBAL_ACCENT_COLOR_NAME = AccentColor;
				CODE_SIGN_STYLE = Automatic;
				CURRENT_PROJECT_VERSION = 1;
				DEVELOPMENT_ASSET_PATHS = "\"SunaTeam/Preview Content\"";
				DEVELOPMENT_TEAM = VWHLF3P45D;
				ENABLE_PREVIEWS = YES;
				GENERATE_INFOPLIST_FILE = YES;
				INFOPLIST_FILE = SunaTeam/Info.plist;
				INFOPLIST_KEY_LSApplicationCategoryType = "";
				INFOPLIST_KEY_UIApplicationSceneManifest_Generation = YES;
				INFOPLIST_KEY_UIApplicationSupportsIndirectInputEvents = YES;
				INFOPLIST_KEY_UILaunchStoryboardName = LaunchScreen.storyboard;
				INFOPLIST_KEY_UISupportedInterfaceOrientations_iPad = "UIInterfaceOrientationPortrait UIInterfaceOrientationPortraitUpsideDown UIInterfaceOrientationLandscapeLeft UIInterfaceOrientationLandscapeRight";
				INFOPLIST_KEY_UISupportedInterfaceOrientations_iPhone = "UIInterfaceOrientationPortrait UIInterfaceOrientationLandscapeLeft UIInterfaceOrientationLandscapeRight";
				IPHONEOS_DEPLOYMENT_TARGET = 15;
				LD_RUNPATH_SEARCH_PATHS = (
					"$(inherited)",
					"@executable_path/Frameworks",
				);
				MARKETING_VERSION = 1.0;
				PRODUCT_BUNDLE_IDENTIFIER = mylovelyserge.SunaTeam;
				PRODUCT_NAME = "$(TARGET_NAME)";
				SWIFT_EMIT_LOC_STRINGS = YES;
				SWIFT_VERSION = 5.0;
				TARGETED_DEVICE_FAMILY = "1,2";
			};
			name = Debug;
		};
		EACB4F462CCEB71A00138488 /* Release */ = {
			isa = XCBuildConfiguration;
			buildSettings = {
				ASSETCATALOG_COMPILER_APPICON_NAME = AppIcon;
				ASSETCATALOG_COMPILER_GLOBAL_ACCENT_COLOR_NAME = AccentColor;
				CODE_SIGN_STYLE = Automatic;
				CURRENT_PROJECT_VERSION = 1;
				DEVELOPMENT_ASSET_PATHS = "\"SunaTeam/Preview Content\"";
				DEVELOPMENT_TEAM = VWHLF3P45D;
				ENABLE_PREVIEWS = YES;
				GENERATE_INFOPLIST_FILE = YES;
				INFOPLIST_FILE = SunaTeam/Info.plist;
				INFOPLIST_KEY_LSApplicationCategoryType = "";
				INFOPLIST_KEY_UIApplicationSceneManifest_Generation = YES;
				INFOPLIST_KEY_UIApplicationSupportsIndirectInputEvents = YES;
				INFOPLIST_KEY_UILaunchStoryboardName = LaunchScreen.storyboard;
				INFOPLIST_KEY_UISupportedInterfaceOrientations_iPad = "UIInterfaceOrientationPortrait UIInterfaceOrientationPortraitUpsideDown UIInterfaceOrientationLandscapeLeft UIInterfaceOrientationLandscapeRight";
				INFOPLIST_KEY_UISupportedInterfaceOrientations_iPhone = "UIInterfaceOrientationPortrait UIInterfaceOrientationLandscapeLeft UIInterfaceOrientationLandscapeRight";
				IPHONEOS_DEPLOYMENT_TARGET = 15;
				LD_RUNPATH_SEARCH_PATHS = (
					"$(inherited)",
					"@executable_path/Frameworks",
				);
				MARKETING_VERSION = 1.0;
				PRODUCT_BUNDLE_IDENTIFIER = mylovelyserge.SunaTeam;
				PRODUCT_NAME = "$(TARGET_NAME)";
				SWIFT_EMIT_LOC_STRINGS = YES;
				SWIFT_VERSION = 5.0;
				TARGETED_DEVICE_FAMILY = "1,2";
			};
			name = Release;
		};
/* End XCBuildConfiguration section */

/* Begin XCConfigurationList section */
		EACB4F312CCEB71800138488 /* Build configuration list for PBXProject "SunaTeam" */ = {
			isa = XCConfigurationList;
			buildConfigurations = (
				EACB4F422CCEB71A00138488 /* Debug */,
				EACB4F432CCEB71A00138488 /* Release */,
			);
			defaultConfigurationIsVisible = 0;
			defaultConfigurationName = Release;
		};
		EACB4F442CCEB71A00138488 /* Build configuration list for PBXNativeTarget "SunaTeam" */ = {
			isa = XCConfigurationList;
			buildConfigurations = (
				EACB4F452CCEB71A00138488 /* Debug */,
				EACB4F462CCEB71A00138488 /* Release */,
			);
			defaultConfigurationIsVisible = 0;
			defaultConfigurationName = Release;
		};
/* End XCConfigurationList section */

/* Begin XCRemoteSwiftPackageReference section */
		EAA7EEBF2CE403170073BCBA /* XCRemoteSwiftPackageReference "tuist" */ = {
			isa = XCRemoteSwiftPackageReference;
			repositoryURL = "https://github.com/tuist/tuist";
			requirement = {
				kind = upToNextMajorVersion;
				minimumVersion = 4.33.0;
			};
		};
/* End XCRemoteSwiftPackageReference section */
	};
	rootObject = EACB4F2E2CCEB71800138488 /* Project object */;
}
