// !$*UTF8*$!
{
	archiveVersion = 1;
	classes = {
	};
	objectVersion = 55;
	objects = {

/* Begin PBXBuildFile section */
		58461BB72D11AA2E00B3614B /* ProfileData.swift in Sources */ = {isa = PBXBuildFile; fileRef = 58461BB62D11AA2E00B3614B /* ProfileData.swift */; };
		58461BB92D11AA4700B3614B /* ProfileView.swift in Sources */ = {isa = PBXBuildFile; fileRef = 58461BB82D11AA4700B3614B /* ProfileView.swift */; };
		58461BBB2D11AA6800B3614B /* EditProfileView.swift in Sources */ = {isa = PBXBuildFile; fileRef = 58461BBA2D11AA6800B3614B /* EditProfileView.swift */; };
		58461BBD2D11AA8500B3614B /* ProfileNavigationViews.swift in Sources */ = {isa = PBXBuildFile; fileRef = 58461BBC2D11AA8500B3614B /* ProfileNavigationViews.swift */; };
		58461BBF2D11AAA000B3614B /* ProfileNavigationLinks.swift in Sources */ = {isa = PBXBuildFile; fileRef = 58461BBE2D11AAA000B3614B /* ProfileNavigationLinks.swift */; };
		58461BC12D11AAB700B3614B /* ProfileInputView.swift in Sources */ = {isa = PBXBuildFile; fileRef = 58461BC02D11AAB700B3614B /* ProfileInputView.swift */; };
		58461BC32D11AAD700B3614B /* ProfileViewModel.swift in Sources */ = {isa = PBXBuildFile; fileRef = 58461BC22D11AAD700B3614B /* ProfileViewModel.swift */; };
		58F5CAC12D0785E000A3C1FA /* SunaTravelApp.swift in Sources */ = {isa = PBXBuildFile; fileRef = 58F5CAC02D0785E000A3C1FA /* SunaTravelApp.swift */; };
		58F5CAC32D0785E000A3C1FA /* ContentView.swift in Sources */ = {isa = PBXBuildFile; fileRef = 58F5CAC22D0785E000A3C1FA /* ContentView.swift */; };
		58F5CAC52D0785E300A3C1FA /* Assets.xcassets in Resources */ = {isa = PBXBuildFile; fileRef = 58F5CAC42D0785E300A3C1FA /* Assets.xcassets */; };
		58F5CAC82D0785E300A3C1FA /* Preview Assets.xcassets in Resources */ = {isa = PBXBuildFile; fileRef = 58F5CAC72D0785E300A3C1FA /* Preview Assets.xcassets */; };
		8F0A96E22D13602500322C53 /* ButtonsView.swift in Sources */ = {isa = PBXBuildFile; fileRef = 8F0A96E12D13601D00322C53 /* ButtonsView.swift */; };
		8F0A96E42D13603000322C53 /* HeaderView.swift in Sources */ = {isa = PBXBuildFile; fileRef = 8F0A96E32D13602900322C53 /* HeaderView.swift */; };
		8F0A96E82D13604000322C53 /* TextFieldView.swift in Sources */ = {isa = PBXBuildFile; fileRef = 8F0A96E72D13603700322C53 /* TextFieldView.swift */; };
		8F0A96EA2D13607D00322C53 /* SignInScreenView.swift in Sources */ = {isa = PBXBuildFile; fileRef = 8F0A96E92D13607000322C53 /* SignInScreenView.swift */; };
		8F0A96EC2D1360AE00322C53 /* SignUpScreenView.swift in Sources */ = {isa = PBXBuildFile; fileRef = 8F0A96EB2D1360A800322C53 /* SignUpScreenView.swift */; };
		8F7310D92D0B8F1D007A78AC /* OnboardingContainerView.swift in Sources */ = {isa = PBXBuildFile; fileRef = 8F7310D82D0B8F1D007A78AC /* OnboardingContainerView.swift */; };
		8F7310DB2D0B8F76007A78AC /* OnboardingSlide.swift in Sources */ = {isa = PBXBuildFile; fileRef = 8F7310DA2D0B8F6A007A78AC /* OnboardingSlide.swift */; };
		8F7310DD2D0B8F8C007A78AC /* OnboardingView.swift in Sources */ = {isa = PBXBuildFile; fileRef = 8F7310DC2D0B8F82007A78AC /* OnboardingView.swift */; };
		8F7310DF2D0B8FB4007A78AC /* OnboardingViewController.swift in Sources */ = {isa = PBXBuildFile; fileRef = 8F7310DE2D0B8FA5007A78AC /* OnboardingViewController.swift */; };
		8F7310E12D0B8FCC007A78AC /* OnboardingViewModel.swift in Sources */ = {isa = PBXBuildFile; fileRef = 8F7310E02D0B8FBE007A78AC /* OnboardingViewModel.swift */; };
		8F7310E82D0B91C8007A78AC /* LaunchScreen.storyboard in Resources */ = {isa = PBXBuildFile; fileRef = 8F7310E72D0B91C8007A78AC /* LaunchScreen.storyboard */; };
		8F7310EB2D0D91B5007A78AC /* Color+Extensions.swift in Sources */ = {isa = PBXBuildFile; fileRef = 8F7310EA2D0D91A5007A78AC /* Color+Extensions.swift */; };
		8F7310ED2D0D9FEE007A78AC /* OnboardinSlidesView.swift in Sources */ = {isa = PBXBuildFile; fileRef = 8F7310EC2D0D9FE1007A78AC /* OnboardinSlidesView.swift */; };
		8F7310EF2D0DA02F007A78AC /* PageIndicatorView.swift in Sources */ = {isa = PBXBuildFile; fileRef = 8F7310EE2D0DA022007A78AC /* PageIndicatorView.swift */; };
		8F7310F12D0DA06D007A78AC /* OnboardingButton.swift in Sources */ = {isa = PBXBuildFile; fileRef = 8F7310F02D0DA061007A78AC /* OnboardingButton.swift */; };
		8F7310F32D0DA0A0007A78AC /* OnboardingToolbar.swift in Sources */ = {isa = PBXBuildFile; fileRef = 8F7310F22D0DA08C007A78AC /* OnboardingToolbar.swift */; };
		8F7311252D0FA44C007A78AC /* swiftlint.yml in Resources */ = {isa = PBXBuildFile; fileRef = 8F7311242D0FA442007A78AC /* swiftlint.yml */; };
		8FBA13CE2D1A2BD1003DB8F2 /* FavoritePlacesViewController.swift in Sources */ = {isa = PBXBuildFile; fileRef = 8FBA13C02D1A2BD1003DB8F2 /* FavoritePlacesViewController.swift */; };
		8FBA13CF2D1A2BD1003DB8F2 /* PlacesModel.swift in Sources */ = {isa = PBXBuildFile; fileRef = 8FBA13C42D1A2BD1003DB8F2 /* PlacesModel.swift */; };
		8FBA13D02D1A2BD1003DB8F2 /* FavoritePlaceCell.swift in Sources */ = {isa = PBXBuildFile; fileRef = 8FBA13C62D1A2BD1003DB8F2 /* FavoritePlaceCell.swift */; };
		8FBA13D12D1A2BD1003DB8F2 /* SearchPlaceViewController.swift in Sources */ = {isa = PBXBuildFile; fileRef = 8FBA13C92D1A2BD1003DB8F2 /* SearchPlaceViewController.swift */; };
		8FBA13D22D1A2BD1003DB8F2 /* Delegate+DataSource.swift in Sources */ = {isa = PBXBuildFile; fileRef = 8FBA13C22D1A2BD1003DB8F2 /* Delegate+DataSource.swift */; };
		8FBA13D32D1A2BD1003DB8F2 /* SearchPlaceViewModel.swift in Sources */ = {isa = PBXBuildFile; fileRef = 8FBA13CB2D1A2BD1003DB8F2 /* SearchPlaceViewModel.swift */; };
		8FF43D862D1A129E0052A0AA /* NavigationBar.swift in Sources */ = {isa = PBXBuildFile; fileRef = 8FF43D822D1A129E0052A0AA /* NavigationBar.swift */; };
		8FF43D872D1A129E0052A0AA /* CalendarHeaderView.swift in Sources */ = {isa = PBXBuildFile; fileRef = 8FF43D802D1A129E0052A0AA /* CalendarHeaderView.swift */; };
		8FF43D882D1A129E0052A0AA /* ScheduleModel.swift in Sources */ = {isa = PBXBuildFile; fileRef = 8FF43D7E2D1A129E0052A0AA /* ScheduleModel.swift */; };
		8FF43D892D1A129E0052A0AA /* MainViewController.swift in Sources */ = {isa = PBXBuildFile; fileRef = 8FF43D812D1A129E0052A0AA /* MainViewController.swift */; };
		8FF43D8A2D1A129E0052A0AA /* NavigationItemModel.swift in Sources */ = {isa = PBXBuildFile; fileRef = 8FF43D7D2D1A129E0052A0AA /* NavigationItemModel.swift */; };
		8FF43D8B2D1A129E0052A0AA /* ScheduleCell.swift in Sources */ = {isa = PBXBuildFile; fileRef = 8FF43D832D1A129E0052A0AA /* ScheduleCell.swift */; };
/* End PBXBuildFile section */

/* Begin PBXFileReference section */
		58461BB62D11AA2E00B3614B /* ProfileData.swift */ = {isa = PBXFileReference; lastKnownFileType = sourcecode.swift; path = ProfileData.swift; sourceTree = "<group>"; };
		58461BB82D11AA4700B3614B /* ProfileView.swift */ = {isa = PBXFileReference; lastKnownFileType = sourcecode.swift; path = ProfileView.swift; sourceTree = "<group>"; };
		58461BBA2D11AA6800B3614B /* EditProfileView.swift */ = {isa = PBXFileReference; lastKnownFileType = sourcecode.swift; path = EditProfileView.swift; sourceTree = "<group>"; };
		58461BBC2D11AA8500B3614B /* ProfileNavigationViews.swift */ = {isa = PBXFileReference; lastKnownFileType = sourcecode.swift; path = ProfileNavigationViews.swift; sourceTree = "<group>"; };
		58461BBE2D11AAA000B3614B /* ProfileNavigationLinks.swift */ = {isa = PBXFileReference; lastKnownFileType = sourcecode.swift; path = ProfileNavigationLinks.swift; sourceTree = "<group>"; };
		58461BC02D11AAB700B3614B /* ProfileInputView.swift */ = {isa = PBXFileReference; lastKnownFileType = sourcecode.swift; path = ProfileInputView.swift; sourceTree = "<group>"; };
		58461BC22D11AAD700B3614B /* ProfileViewModel.swift */ = {isa = PBXFileReference; lastKnownFileType = sourcecode.swift; path = ProfileViewModel.swift; sourceTree = "<group>"; };
		58F5CABD2D0785E000A3C1FA /* SunaTravel.app */ = {isa = PBXFileReference; explicitFileType = wrapper.application; includeInIndex = 0; path = SunaTravel.app; sourceTree = BUILT_PRODUCTS_DIR; };
		58F5CAC02D0785E000A3C1FA /* SunaTravelApp.swift */ = {isa = PBXFileReference; lastKnownFileType = sourcecode.swift; path = SunaTravelApp.swift; sourceTree = "<group>"; };
		58F5CAC22D0785E000A3C1FA /* ContentView.swift */ = {isa = PBXFileReference; lastKnownFileType = sourcecode.swift; path = ContentView.swift; sourceTree = "<group>"; };
		58F5CAC42D0785E300A3C1FA /* Assets.xcassets */ = {isa = PBXFileReference; lastKnownFileType = folder.assetcatalog; path = Assets.xcassets; sourceTree = "<group>"; };
		58F5CAC72D0785E300A3C1FA /* Preview Assets.xcassets */ = {isa = PBXFileReference; lastKnownFileType = folder.assetcatalog; path = "Preview Assets.xcassets"; sourceTree = "<group>"; };
		8F0A96E12D13601D00322C53 /* ButtonsView.swift */ = {isa = PBXFileReference; lastKnownFileType = sourcecode.swift; path = ButtonsView.swift; sourceTree = "<group>"; };
		8F0A96E32D13602900322C53 /* HeaderView.swift */ = {isa = PBXFileReference; lastKnownFileType = sourcecode.swift; path = HeaderView.swift; sourceTree = "<group>"; };
		8F0A96E72D13603700322C53 /* TextFieldView.swift */ = {isa = PBXFileReference; lastKnownFileType = sourcecode.swift; path = TextFieldView.swift; sourceTree = "<group>"; };
		8F0A96E92D13607000322C53 /* SignInScreenView.swift */ = {isa = PBXFileReference; lastKnownFileType = sourcecode.swift; path = SignInScreenView.swift; sourceTree = "<group>"; };
		8F0A96EB2D1360A800322C53 /* SignUpScreenView.swift */ = {isa = PBXFileReference; lastKnownFileType = sourcecode.swift; path = SignUpScreenView.swift; sourceTree = "<group>"; };
		8F7310D82D0B8F1D007A78AC /* OnboardingContainerView.swift */ = {isa = PBXFileReference; lastKnownFileType = sourcecode.swift; path = OnboardingContainerView.swift; sourceTree = "<group>"; };
		8F7310DA2D0B8F6A007A78AC /* OnboardingSlide.swift */ = {isa = PBXFileReference; lastKnownFileType = sourcecode.swift; path = OnboardingSlide.swift; sourceTree = "<group>"; };
		8F7310DC2D0B8F82007A78AC /* OnboardingView.swift */ = {isa = PBXFileReference; lastKnownFileType = sourcecode.swift; path = OnboardingView.swift; sourceTree = "<group>"; };
		8F7310DE2D0B8FA5007A78AC /* OnboardingViewController.swift */ = {isa = PBXFileReference; lastKnownFileType = sourcecode.swift; path = OnboardingViewController.swift; sourceTree = "<group>"; };
		8F7310E02D0B8FBE007A78AC /* OnboardingViewModel.swift */ = {isa = PBXFileReference; lastKnownFileType = sourcecode.swift; path = OnboardingViewModel.swift; sourceTree = "<group>"; };
		8F7310E72D0B91C8007A78AC /* LaunchScreen.storyboard */ = {isa = PBXFileReference; lastKnownFileType = file.storyboard; path = LaunchScreen.storyboard; sourceTree = "<group>"; };
		8F7310EA2D0D91A5007A78AC /* Color+Extensions.swift */ = {isa = PBXFileReference; lastKnownFileType = sourcecode.swift; path = "Color+Extensions.swift"; sourceTree = "<group>"; };
		8F7310EC2D0D9FE1007A78AC /* OnboardinSlidesView.swift */ = {isa = PBXFileReference; lastKnownFileType = sourcecode.swift; path = OnboardinSlidesView.swift; sourceTree = "<group>"; };
		8F7310EE2D0DA022007A78AC /* PageIndicatorView.swift */ = {isa = PBXFileReference; lastKnownFileType = sourcecode.swift; path = PageIndicatorView.swift; sourceTree = "<group>"; };
		8F7310F02D0DA061007A78AC /* OnboardingButton.swift */ = {isa = PBXFileReference; lastKnownFileType = sourcecode.swift; path = OnboardingButton.swift; sourceTree = "<group>"; };
		8F7310F22D0DA08C007A78AC /* OnboardingToolbar.swift */ = {isa = PBXFileReference; lastKnownFileType = sourcecode.swift; path = OnboardingToolbar.swift; sourceTree = "<group>"; };
		8F7311242D0FA442007A78AC /* swiftlint.yml */ = {isa = PBXFileReference; lastKnownFileType = text.yaml; path = swiftlint.yml; sourceTree = "<group>"; };
		8FBA13C02D1A2BD1003DB8F2 /* FavoritePlacesViewController.swift */ = {isa = PBXFileReference; lastKnownFileType = sourcecode.swift; path = FavoritePlacesViewController.swift; sourceTree = "<group>"; };
		8FBA13C22D1A2BD1003DB8F2 /* Delegate+DataSource.swift */ = {isa = PBXFileReference; lastKnownFileType = sourcecode.swift; path = "Delegate+DataSource.swift"; sourceTree = "<group>"; };
		8FBA13C42D1A2BD1003DB8F2 /* PlacesModel.swift */ = {isa = PBXFileReference; lastKnownFileType = sourcecode.swift; path = PlacesModel.swift; sourceTree = "<group>"; };
		8FBA13C62D1A2BD1003DB8F2 /* FavoritePlaceCell.swift */ = {isa = PBXFileReference; lastKnownFileType = sourcecode.swift; path = FavoritePlaceCell.swift; sourceTree = "<group>"; };
		8FBA13C92D1A2BD1003DB8F2 /* SearchPlaceViewController.swift */ = {isa = PBXFileReference; lastKnownFileType = sourcecode.swift; path = SearchPlaceViewController.swift; sourceTree = "<group>"; };
		8FBA13CB2D1A2BD1003DB8F2 /* SearchPlaceViewModel.swift */ = {isa = PBXFileReference; lastKnownFileType = sourcecode.swift; path = SearchPlaceViewModel.swift; sourceTree = "<group>"; };
		8FF43D7D2D1A129E0052A0AA /* NavigationItemModel.swift */ = {isa = PBXFileReference; lastKnownFileType = sourcecode.swift; path = NavigationItemModel.swift; sourceTree = "<group>"; };
		8FF43D7E2D1A129E0052A0AA /* ScheduleModel.swift */ = {isa = PBXFileReference; lastKnownFileType = sourcecode.swift; path = ScheduleModel.swift; sourceTree = "<group>"; };
		8FF43D802D1A129E0052A0AA /* CalendarHeaderView.swift */ = {isa = PBXFileReference; lastKnownFileType = sourcecode.swift; path = CalendarHeaderView.swift; sourceTree = "<group>"; };
		8FF43D812D1A129E0052A0AA /* MainViewController.swift */ = {isa = PBXFileReference; lastKnownFileType = sourcecode.swift; path = MainViewController.swift; sourceTree = "<group>"; };
		8FF43D822D1A129E0052A0AA /* NavigationBar.swift */ = {isa = PBXFileReference; lastKnownFileType = sourcecode.swift; path = NavigationBar.swift; sourceTree = "<group>"; };
		8FF43D832D1A129E0052A0AA /* ScheduleCell.swift */ = {isa = PBXFileReference; lastKnownFileType = sourcecode.swift; path = ScheduleCell.swift; sourceTree = "<group>"; };
/* End PBXFileReference section */

/* Begin PBXFrameworksBuildPhase section */
		58F5CABA2D0785E000A3C1FA /* Frameworks */ = {
			isa = PBXFrameworksBuildPhase;
			buildActionMask = 2147483647;
			files = (
			);
			runOnlyForDeploymentPostprocessing = 0;
		};
/* End PBXFrameworksBuildPhase section */

/* Begin PBXGroup section */
		58461BB22D11A9ED00B3614B /* Profile */ = {
			isa = PBXGroup;
			children = (
				58461BB52D11AA0D00B3614B /* Models */,
				58461BB42D11AA0500B3614B /* Views */,
				58461BB32D11A9F800B3614B /* ViewModels */,
			);
			path = Profile;
			sourceTree = "<group>";
		};
		58461BB32D11A9F800B3614B /* ViewModels */ = {
			isa = PBXGroup;
			children = (
				58461BC22D11AAD700B3614B /* ProfileViewModel.swift */,
			);
			path = ViewModels;
			sourceTree = "<group>";
		};
		58461BB42D11AA0500B3614B /* Views */ = {
			isa = PBXGroup;
			children = (
				58461BB82D11AA4700B3614B /* ProfileView.swift */,
				58461BBA2D11AA6800B3614B /* EditProfileView.swift */,
				58461BBC2D11AA8500B3614B /* ProfileNavigationViews.swift */,
				58461BBE2D11AAA000B3614B /* ProfileNavigationLinks.swift */,
				58461BC02D11AAB700B3614B /* ProfileInputView.swift */,
			);
			path = Views;
			sourceTree = "<group>";
		};
		58461BB52D11AA0D00B3614B /* Models */ = {
			isa = PBXGroup;
			children = (
				58461BB62D11AA2E00B3614B /* ProfileData.swift */,
			);
			path = Models;
			sourceTree = "<group>";
		};
		58F5CAB42D0785E000A3C1FA = {
			isa = PBXGroup;
			children = (
				58F5CABF2D0785E000A3C1FA /* SunaTravel */,
				58F5CABE2D0785E000A3C1FA /* Products */,
			);
			sourceTree = "<group>";
		};
		58F5CABE2D0785E000A3C1FA /* Products */ = {
			isa = PBXGroup;
			children = (
				58F5CABD2D0785E000A3C1FA /* SunaTravel.app */,
			);
			name = Products;
			sourceTree = "<group>";
		};
		58F5CABF2D0785E000A3C1FA /* SunaTravel */ = {
			isa = PBXGroup;
			children = (
				8FBA13C82D1A2BD1003DB8F2 /* FavoritePlaces */,
				8FBA13CD2D1A2BD1003DB8F2 /* SearchTrip */,
				8FF43D852D1A129E0052A0AA /* MainScreen */,
				8F7311242D0FA442007A78AC /* swiftlint.yml */,
				8F0A96DD2D135FD300322C53 /* Auth */,
				58461BB22D11A9ED00B3614B /* Profile */,
				8F7310E92D0D90F9007A78AC /* Onboardings */,
				8F7310E22D0B9023007A78AC /* Extensions */,
				58F5CAC02D0785E000A3C1FA /* SunaTravelApp.swift */,
				58F5CAC22D0785E000A3C1FA /* ContentView.swift */,
				58F5CAC42D0785E300A3C1FA /* Assets.xcassets */,
				58F5CAC62D0785E300A3C1FA /* Preview Content */,
				8F7310E72D0B91C8007A78AC /* LaunchScreen.storyboard */,
			);
			path = SunaTravel;
			sourceTree = "<group>";
		};
		58F5CAC62D0785E300A3C1FA /* Preview Content */ = {
			isa = PBXGroup;
			children = (
				58F5CAC72D0785E300A3C1FA /* Preview Assets.xcassets */,
			);
			path = "Preview Content";
			sourceTree = "<group>";
		};
		8F0A96DD2D135FD300322C53 /* Auth */ = {
			isa = PBXGroup;
			children = (
				8F0A96E02D135FF900322C53 /* SignUpScreen */,
				8F0A96DF2D135FEE00322C53 /* SignInScreen */,
				8F0A96DE2D135FE500322C53 /* Elements */,
			);
			path = Auth;
			sourceTree = "<group>";
		};
		8F0A96DE2D135FE500322C53 /* Elements */ = {
			isa = PBXGroup;
			children = (
				8F0A96E12D13601D00322C53 /* ButtonsView.swift */,
				8F0A96E72D13603700322C53 /* TextFieldView.swift */,
				8F0A96E32D13602900322C53 /* HeaderView.swift */,
			);
			path = Elements;
			sourceTree = "<group>";
		};
		8F0A96DF2D135FEE00322C53 /* SignInScreen */ = {
			isa = PBXGroup;
			children = (
				8F0A96E92D13607000322C53 /* SignInScreenView.swift */,
			);
			path = SignInScreen;
			sourceTree = "<group>";
		};
		8F0A96E02D135FF900322C53 /* SignUpScreen */ = {
			isa = PBXGroup;
			children = (
				8F0A96EB2D1360A800322C53 /* SignUpScreenView.swift */,
			);
			path = SignUpScreen;
			sourceTree = "<group>";
		};
		8F7310E22D0B9023007A78AC /* Extensions */ = {
			isa = PBXGroup;
			children = (
				8F7310EA2D0D91A5007A78AC /* Color+Extensions.swift */,
			);
			path = Extensions;
			sourceTree = "<group>";
		};
		8F7310E92D0D90F9007A78AC /* Onboardings */ = {
			isa = PBXGroup;
			children = (
				8F7310F72D0DE18C007A78AC /* Controller */,
				8F7310F62D0DE094007A78AC /* Views */,
				8F7310F52D0DE08A007A78AC /* Slides */,
				8F7310F42D0DE080007A78AC /* Models */,
			);
			path = Onboardings;
			sourceTree = "<group>";
		};
		8F7310F42D0DE080007A78AC /* Models */ = {
			isa = PBXGroup;
			children = (
				8F7310E02D0B8FBE007A78AC /* OnboardingViewModel.swift */,
			);
			path = Models;
			sourceTree = "<group>";
		};
		8F7310F52D0DE08A007A78AC /* Slides */ = {
			isa = PBXGroup;
			children = (
				8F7310DA2D0B8F6A007A78AC /* OnboardingSlide.swift */,
			);
			path = Slides;
			sourceTree = "<group>";
		};
		8F7310F62D0DE094007A78AC /* Views */ = {
			isa = PBXGroup;
			children = (
				8F7310EC2D0D9FE1007A78AC /* OnboardinSlidesView.swift */,
				8F7310DC2D0B8F82007A78AC /* OnboardingView.swift */,
				8F7310D82D0B8F1D007A78AC /* OnboardingContainerView.swift */,
				8F7310F22D0DA08C007A78AC /* OnboardingToolbar.swift */,
				8F7310F02D0DA061007A78AC /* OnboardingButton.swift */,
				8F7310EE2D0DA022007A78AC /* PageIndicatorView.swift */,
			);
			path = Views;
			sourceTree = "<group>";
		};
		8F7310F72D0DE18C007A78AC /* Controller */ = {
			isa = PBXGroup;
			children = (
				8F7310DE2D0B8FA5007A78AC /* OnboardingViewController.swift */,
			);
			path = Controller;
			sourceTree = "<group>";
		};
		8FBA13C12D1A2BD1003DB8F2 /* Controllers */ = {
			isa = PBXGroup;
			children = (
				8FBA13C02D1A2BD1003DB8F2 /* FavoritePlacesViewController.swift */,
			);
			path = Controllers;
			sourceTree = "<group>";
		};
		8FBA13C32D1A2BD1003DB8F2 /* Extensions */ = {
			isa = PBXGroup;
			children = (
				8FBA13C22D1A2BD1003DB8F2 /* Delegate+DataSource.swift */,
			);
			path = Extensions;
			sourceTree = "<group>";
		};
		8FBA13C52D1A2BD1003DB8F2 /* Models */ = {
			isa = PBXGroup;
			children = (
				8FBA13C42D1A2BD1003DB8F2 /* PlacesModel.swift */,
			);
			path = Models;
			sourceTree = "<group>";
		};
		8FBA13C72D1A2BD1003DB8F2 /* Views */ = {
			isa = PBXGroup;
			children = (
				8FBA13C62D1A2BD1003DB8F2 /* FavoritePlaceCell.swift */,
			);
			path = Views;
			sourceTree = "<group>";
		};
		8FBA13C82D1A2BD1003DB8F2 /* FavoritePlaces */ = {
			isa = PBXGroup;
			children = (
				8FBA13C12D1A2BD1003DB8F2 /* Controllers */,
				8FBA13C32D1A2BD1003DB8F2 /* Extensions */,
				8FBA13C52D1A2BD1003DB8F2 /* Models */,
				8FBA13C72D1A2BD1003DB8F2 /* Views */,
			);
			path = FavoritePlaces;
			sourceTree = "<group>";
		};
		8FBA13CA2D1A2BD1003DB8F2 /* Controllers */ = {
			isa = PBXGroup;
			children = (
				8FBA13C92D1A2BD1003DB8F2 /* SearchPlaceViewController.swift */,
			);
			path = Controllers;
			sourceTree = "<group>";
		};
		8FBA13CC2D1A2BD1003DB8F2 /* Models */ = {
			isa = PBXGroup;
			children = (
				8FBA13CB2D1A2BD1003DB8F2 /* SearchPlaceViewModel.swift */,
			);
			path = Models;
			sourceTree = "<group>";
		};
		8FBA13CD2D1A2BD1003DB8F2 /* SearchTrip */ = {
			isa = PBXGroup;
			children = (
				8FBA13CA2D1A2BD1003DB8F2 /* Controllers */,
				8FBA13CC2D1A2BD1003DB8F2 /* Models */,
			);
			path = SearchTrip;
			sourceTree = "<group>";
		};
		8FF43D7F2D1A129E0052A0AA /* Models */ = {
			isa = PBXGroup;
			children = (
				8FF43D7D2D1A129E0052A0AA /* NavigationItemModel.swift */,
				8FF43D7E2D1A129E0052A0AA /* ScheduleModel.swift */,
			);
			path = Models;
			sourceTree = "<group>";
		};
		8FF43D842D1A129E0052A0AA /* Views */ = {
			isa = PBXGroup;
			children = (
				8FF43D802D1A129E0052A0AA /* CalendarHeaderView.swift */,
				8FF43D812D1A129E0052A0AA /* MainViewController.swift */,
				8FF43D822D1A129E0052A0AA /* NavigationBar.swift */,
				8FF43D832D1A129E0052A0AA /* ScheduleCell.swift */,
			);
			path = Views;
			sourceTree = "<group>";
		};
		8FF43D852D1A129E0052A0AA /* MainScreen */ = {
			isa = PBXGroup;
			children = (
				8FF43D7F2D1A129E0052A0AA /* Models */,
				8FF43D842D1A129E0052A0AA /* Views */,
			);
			path = MainScreen;
			sourceTree = "<group>";
		};
/* End PBXGroup section */

/* Begin PBXNativeTarget section */
		58F5CABC2D0785E000A3C1FA /* SunaTravel */ = {
			isa = PBXNativeTarget;
			buildConfigurationList = 58F5CACB2D0785E300A3C1FA /* Build configuration list for PBXNativeTarget "SunaTravel" */;
			buildPhases = (
				58F5CAB92D0785E000A3C1FA /* Sources */,
				58F5CABA2D0785E000A3C1FA /* Frameworks */,
				58F5CABB2D0785E000A3C1FA /* Resources */,
				8F7311232D0FA42F007A78AC /* ShellScript */,
			);
			buildRules = (
			);
			dependencies = (
			);
			name = SunaTravel;
			productName = SunaTravel;
			productReference = 58F5CABD2D0785E000A3C1FA /* SunaTravel.app */;
			productType = "com.apple.product-type.application";
		};
/* End PBXNativeTarget section */

/* Begin PBXProject section */
		58F5CAB52D0785E000A3C1FA /* Project object */ = {
			isa = PBXProject;
			attributes = {
				BuildIndependentTargetsInParallel = 1;
				LastSwiftUpdateCheck = 1320;
				LastUpgradeCheck = 1320;
				TargetAttributes = {
					58F5CABC2D0785E000A3C1FA = {
						CreatedOnToolsVersion = 13.2;
					};
				};
			};
			buildConfigurationList = 58F5CAB82D0785E000A3C1FA /* Build configuration list for PBXProject "SunaTravel" */;
			compatibilityVersion = "Xcode 13.0";
			developmentRegion = en;
			hasScannedForEncodings = 0;
			knownRegions = (
				en,
				Base,
			);
			mainGroup = 58F5CAB42D0785E000A3C1FA;
			productRefGroup = 58F5CABE2D0785E000A3C1FA /* Products */;
			projectDirPath = "";
			projectRoot = "";
			targets = (
				58F5CABC2D0785E000A3C1FA /* SunaTravel */,
			);
		};
/* End PBXProject section */

/* Begin PBXResourcesBuildPhase section */
		58F5CABB2D0785E000A3C1FA /* Resources */ = {
			isa = PBXResourcesBuildPhase;
			buildActionMask = 2147483647;
			files = (
				8F7310E82D0B91C8007A78AC /* LaunchScreen.storyboard in Resources */,
				8F7311252D0FA44C007A78AC /* swiftlint.yml in Resources */,
				58F5CAC82D0785E300A3C1FA /* Preview Assets.xcassets in Resources */,
				58F5CAC52D0785E300A3C1FA /* Assets.xcassets in Resources */,
			);
			runOnlyForDeploymentPostprocessing = 0;
		};
/* End PBXResourcesBuildPhase section */

/* Begin PBXShellScriptBuildPhase section */
		8F7311232D0FA42F007A78AC /* ShellScript */ = {
			isa = PBXShellScriptBuildPhase;
			buildActionMask = 2147483647;
			files = (
			);
			inputFileListPaths = (
			);
			inputPaths = (
			);
			outputFileListPaths = (
			);
			outputPaths = (
			);
			runOnlyForDeploymentPostprocessing = 0;
			shellPath = /bin/sh;
			shellScript = "if which swiftlint >/dev/null; then\n    swiftlint --config \"${SRCROOT}/swiftlint.yml\"\nelse\n    echo \"warning: SwiftLint not installed, download from https://github.com/realm/SwiftLint\"\nfi\n";
		};
/* End PBXShellScriptBuildPhase section */

/* Begin PBXSourcesBuildPhase section */
		58F5CAB92D0785E000A3C1FA /* Sources */ = {
			isa = PBXSourcesBuildPhase;
			buildActionMask = 2147483647;
			files = (
				58461BBB2D11AA6800B3614B /* EditProfileView.swift in Sources */,
				58461BC32D11AAD700B3614B /* ProfileViewModel.swift in Sources */,
				58461BC12D11AAB700B3614B /* ProfileInputView.swift in Sources */,
				8F7310F32D0DA0A0007A78AC /* OnboardingToolbar.swift in Sources */,
				8F7310DB2D0B8F76007A78AC /* OnboardingSlide.swift in Sources */,
				58461BBF2D11AAA000B3614B /* ProfileNavigationLinks.swift in Sources */,
				8F7310DF2D0B8FB4007A78AC /* OnboardingViewController.swift in Sources */,
				8F0A96EC2D1360AE00322C53 /* SignUpScreenView.swift in Sources */,
				58F5CAC32D0785E000A3C1FA /* ContentView.swift in Sources */,
				8F0A96EA2D13607D00322C53 /* SignInScreenView.swift in Sources */,
				8F7310D92D0B8F1D007A78AC /* OnboardingContainerView.swift in Sources */,
				58461BBD2D11AA8500B3614B /* ProfileNavigationViews.swift in Sources */,
				8F7310DD2D0B8F8C007A78AC /* OnboardingView.swift in Sources */,
				8F0A96E22D13602500322C53 /* ButtonsView.swift in Sources */,
				8F7310EB2D0D91B5007A78AC /* Color+Extensions.swift in Sources */,
				8F7310ED2D0D9FEE007A78AC /* OnboardinSlidesView.swift in Sources */,
				8FBA13CE2D1A2BD1003DB8F2 /* FavoritePlacesViewController.swift in Sources */,
				8FBA13CF2D1A2BD1003DB8F2 /* PlacesModel.swift in Sources */,
				8FBA13D02D1A2BD1003DB8F2 /* FavoritePlaceCell.swift in Sources */,
				8FBA13D12D1A2BD1003DB8F2 /* SearchPlaceViewController.swift in Sources */,
				8FBA13D22D1A2BD1003DB8F2 /* Delegate+DataSource.swift in Sources */,
				8FBA13D32D1A2BD1003DB8F2 /* SearchPlaceViewModel.swift in Sources */,
				58461BB72D11AA2E00B3614B /* ProfileData.swift in Sources */,
				8F7310E12D0B8FCC007A78AC /* OnboardingViewModel.swift in Sources */,
				58F5CAC12D0785E000A3C1FA /* SunaTravelApp.swift in Sources */,
				8F0A96E82D13604000322C53 /* TextFieldView.swift in Sources */,
				8F7310F12D0DA06D007A78AC /* OnboardingButton.swift in Sources */,
				58461BB92D11AA4700B3614B /* ProfileView.swift in Sources */,
				8F7310EF2D0DA02F007A78AC /* PageIndicatorView.swift in Sources */,
				8FF43D862D1A129E0052A0AA /* NavigationBar.swift in Sources */,
				8FF43D872D1A129E0052A0AA /* CalendarHeaderView.swift in Sources */,
				8FF43D882D1A129E0052A0AA /* ScheduleModel.swift in Sources */,
				8FF43D892D1A129E0052A0AA /* MainViewController.swift in Sources */,
				8FF43D8A2D1A129E0052A0AA /* NavigationItemModel.swift in Sources */,
				8FF43D8B2D1A129E0052A0AA /* ScheduleCell.swift in Sources */,
				8F0A96E42D13603000322C53 /* HeaderView.swift in Sources */,
			);
			runOnlyForDeploymentPostprocessing = 0;
		};
/* End PBXSourcesBuildPhase section */

/* Begin XCBuildConfiguration section */
		58F5CAC92D0785E300A3C1FA /* Debug */ = {
			isa = XCBuildConfiguration;
			buildSettings = {
				ALWAYS_SEARCH_USER_PATHS = NO;
				CLANG_ANALYZER_NONNULL = YES;
				CLANG_ANALYZER_NUMBER_OBJECT_CONVERSION = YES_AGGRESSIVE;
				CLANG_CXX_LANGUAGE_STANDARD = "gnu++17";
				CLANG_CXX_LIBRARY = "libc++";
				CLANG_ENABLE_MODULES = YES;
				CLANG_ENABLE_OBJC_ARC = YES;
				CLANG_ENABLE_OBJC_WEAK = YES;
				CLANG_WARN_BLOCK_CAPTURE_AUTORELEASING = YES;
				CLANG_WARN_BOOL_CONVERSION = YES;
				CLANG_WARN_COMMA = YES;
				CLANG_WARN_CONSTANT_CONVERSION = YES;
				CLANG_WARN_DEPRECATED_OBJC_IMPLEMENTATIONS = YES;
				CLANG_WARN_DIRECT_OBJC_ISA_USAGE = YES_ERROR;
				CLANG_WARN_DOCUMENTATION_COMMENTS = YES;
				CLANG_WARN_EMPTY_BODY = YES;
				CLANG_WARN_ENUM_CONVERSION = YES;
				CLANG_WARN_INFINITE_RECURSION = YES;
				CLANG_WARN_INT_CONVERSION = YES;
				CLANG_WARN_NON_LITERAL_NULL_CONVERSION = YES;
				CLANG_WARN_OBJC_IMPLICIT_RETAIN_SELF = YES;
				CLANG_WARN_OBJC_LITERAL_CONVERSION = YES;
				CLANG_WARN_OBJC_ROOT_CLASS = YES_ERROR;
				CLANG_WARN_QUOTED_INCLUDE_IN_FRAMEWORK_HEADER = YES;
				CLANG_WARN_RANGE_LOOP_ANALYSIS = YES;
				CLANG_WARN_STRICT_PROTOTYPES = YES;
				CLANG_WARN_SUSPICIOUS_MOVE = YES;
				CLANG_WARN_UNGUARDED_AVAILABILITY = YES_AGGRESSIVE;
				CLANG_WARN_UNREACHABLE_CODE = YES;
				CLANG_WARN__DUPLICATE_METHOD_MATCH = YES;
				COPY_PHASE_STRIP = NO;
				DEBUG_INFORMATION_FORMAT = dwarf;
				ENABLE_STRICT_OBJC_MSGSEND = YES;
				ENABLE_TESTABILITY = YES;
				GCC_C_LANGUAGE_STANDARD = gnu11;
				GCC_DYNAMIC_NO_PIC = NO;
				GCC_NO_COMMON_BLOCKS = YES;
				GCC_OPTIMIZATION_LEVEL = 0;
				GCC_PREPROCESSOR_DEFINITIONS = (
					"DEBUG=1",
					"$(inherited)",
				);
				GCC_WARN_64_TO_32_BIT_CONVERSION = YES;
				GCC_WARN_ABOUT_RETURN_TYPE = YES_ERROR;
				GCC_WARN_UNDECLARED_SELECTOR = YES;
				GCC_WARN_UNINITIALIZED_AUTOS = YES_AGGRESSIVE;
				GCC_WARN_UNUSED_FUNCTION = YES;
				GCC_WARN_UNUSED_VARIABLE = YES;
				IPHONEOS_DEPLOYMENT_TARGET = 15.2;
				MTL_ENABLE_DEBUG_INFO = INCLUDE_SOURCE;
				MTL_FAST_MATH = YES;
				ONLY_ACTIVE_ARCH = YES;
				SDKROOT = iphoneos;
				SWIFT_ACTIVE_COMPILATION_CONDITIONS = DEBUG;
				SWIFT_OPTIMIZATION_LEVEL = "-Onone";
			};
			name = Debug;
		};
		58F5CACA2D0785E300A3C1FA /* Release */ = {
			isa = XCBuildConfiguration;
			buildSettings = {
				ALWAYS_SEARCH_USER_PATHS = NO;
				CLANG_ANALYZER_NONNULL = YES;
				CLANG_ANALYZER_NUMBER_OBJECT_CONVERSION = YES_AGGRESSIVE;
				CLANG_CXX_LANGUAGE_STANDARD = "gnu++17";
				CLANG_CXX_LIBRARY = "libc++";
				CLANG_ENABLE_MODULES = YES;
				CLANG_ENABLE_OBJC_ARC = YES;
				CLANG_ENABLE_OBJC_WEAK = YES;
				CLANG_WARN_BLOCK_CAPTURE_AUTORELEASING = YES;
				CLANG_WARN_BOOL_CONVERSION = YES;
				CLANG_WARN_COMMA = YES;
				CLANG_WARN_CONSTANT_CONVERSION = YES;
				CLANG_WARN_DEPRECATED_OBJC_IMPLEMENTATIONS = YES;
				CLANG_WARN_DIRECT_OBJC_ISA_USAGE = YES_ERROR;
				CLANG_WARN_DOCUMENTATION_COMMENTS = YES;
				CLANG_WARN_EMPTY_BODY = YES;
				CLANG_WARN_ENUM_CONVERSION = YES;
				CLANG_WARN_INFINITE_RECURSION = YES;
				CLANG_WARN_INT_CONVERSION = YES;
				CLANG_WARN_NON_LITERAL_NULL_CONVERSION = YES;
				CLANG_WARN_OBJC_IMPLICIT_RETAIN_SELF = YES;
				CLANG_WARN_OBJC_LITERAL_CONVERSION = YES;
				CLANG_WARN_OBJC_ROOT_CLASS = YES_ERROR;
				CLANG_WARN_QUOTED_INCLUDE_IN_FRAMEWORK_HEADER = YES;
				CLANG_WARN_RANGE_LOOP_ANALYSIS = YES;
				CLANG_WARN_STRICT_PROTOTYPES = YES;
				CLANG_WARN_SUSPICIOUS_MOVE = YES;
				CLANG_WARN_UNGUARDED_AVAILABILITY = YES_AGGRESSIVE;
				CLANG_WARN_UNREACHABLE_CODE = YES;
				CLANG_WARN__DUPLICATE_METHOD_MATCH = YES;
				COPY_PHASE_STRIP = NO;
				DEBUG_INFORMATION_FORMAT = "dwarf-with-dsym";
				ENABLE_NS_ASSERTIONS = NO;
				ENABLE_STRICT_OBJC_MSGSEND = YES;
				GCC_C_LANGUAGE_STANDARD = gnu11;
				GCC_NO_COMMON_BLOCKS = YES;
				GCC_WARN_64_TO_32_BIT_CONVERSION = YES;
				GCC_WARN_ABOUT_RETURN_TYPE = YES_ERROR;
				GCC_WARN_UNDECLARED_SELECTOR = YES;
				GCC_WARN_UNINITIALIZED_AUTOS = YES_AGGRESSIVE;
				GCC_WARN_UNUSED_FUNCTION = YES;
				GCC_WARN_UNUSED_VARIABLE = YES;
				IPHONEOS_DEPLOYMENT_TARGET = 15.2;
				MTL_ENABLE_DEBUG_INFO = NO;
				MTL_FAST_MATH = YES;
				SDKROOT = iphoneos;
				SWIFT_COMPILATION_MODE = wholemodule;
				SWIFT_OPTIMIZATION_LEVEL = "-O";
				VALIDATE_PRODUCT = YES;
			};
			name = Release;
		};
		58F5CACC2D0785E300A3C1FA /* Debug */ = {
			isa = XCBuildConfiguration;
			buildSettings = {
				ASSETCATALOG_COMPILER_APPICON_NAME = AppIcon;
				ASSETCATALOG_COMPILER_GLOBAL_ACCENT_COLOR_NAME = AccentColor;
				ASSETCATALOG_COMPILER_INCLUDE_ALL_APPICON_ASSETS = YES;
				CODE_SIGN_STYLE = Automatic;
				CURRENT_PROJECT_VERSION = 1;
				DEVELOPMENT_ASSET_PATHS = "\"SunaTravel/Preview Content\"";
				DEVELOPMENT_TEAM = 28J53UH756;
				ENABLE_PREVIEWS = YES;
				GENERATE_INFOPLIST_FILE = YES;
				INFOPLIST_KEY_UIApplicationSceneManifest_Generation = YES;
				INFOPLIST_KEY_UIApplicationSupportsIndirectInputEvents = YES;
				INFOPLIST_KEY_UILaunchScreen_Generation = YES;
				INFOPLIST_KEY_UILaunchStoryboardName = LaunchScreen.storyboard;
				INFOPLIST_KEY_UISupportedInterfaceOrientations_iPad = "UIInterfaceOrientationPortrait UIInterfaceOrientationPortraitUpsideDown UIInterfaceOrientationLandscapeLeft UIInterfaceOrientationLandscapeRight";
				INFOPLIST_KEY_UISupportedInterfaceOrientations_iPhone = "UIInterfaceOrientationPortrait UIInterfaceOrientationLandscapeLeft UIInterfaceOrientationLandscapeRight";
				IPHONEOS_DEPLOYMENT_TARGET = 15.0;
				LD_RUNPATH_SEARCH_PATHS = (
					"$(inherited)",
					"@executable_path/Frameworks",
				);
				MARKETING_VERSION = 1.0;
				PRODUCT_BUNDLE_IDENTIFIER = "com.vk-education.tarasyuk.SunaTravel";
				PRODUCT_NAME = "$(TARGET_NAME)";
				SWIFT_EMIT_LOC_STRINGS = YES;
				SWIFT_VERSION = 5.0;
				TARGETED_DEVICE_FAMILY = "1,2";
			};
			name = Debug;
		};
		58F5CACD2D0785E300A3C1FA /* Release */ = {
			isa = XCBuildConfiguration;
			buildSettings = {
				ASSETCATALOG_COMPILER_APPICON_NAME = AppIcon;
				ASSETCATALOG_COMPILER_GLOBAL_ACCENT_COLOR_NAME = AccentColor;
				ASSETCATALOG_COMPILER_INCLUDE_ALL_APPICON_ASSETS = YES;
				CODE_SIGN_STYLE = Automatic;
				CURRENT_PROJECT_VERSION = 1;
				DEVELOPMENT_ASSET_PATHS = "\"SunaTravel/Preview Content\"";
				DEVELOPMENT_TEAM = 28J53UH756;
				ENABLE_PREVIEWS = YES;
				GENERATE_INFOPLIST_FILE = YES;
				INFOPLIST_KEY_UIApplicationSceneManifest_Generation = YES;
				INFOPLIST_KEY_UIApplicationSupportsIndirectInputEvents = YES;
				INFOPLIST_KEY_UILaunchScreen_Generation = YES;
				INFOPLIST_KEY_UILaunchStoryboardName = LaunchScreen.storyboard;
				INFOPLIST_KEY_UISupportedInterfaceOrientations_iPad = "UIInterfaceOrientationPortrait UIInterfaceOrientationPortraitUpsideDown UIInterfaceOrientationLandscapeLeft UIInterfaceOrientationLandscapeRight";
				INFOPLIST_KEY_UISupportedInterfaceOrientations_iPhone = "UIInterfaceOrientationPortrait UIInterfaceOrientationLandscapeLeft UIInterfaceOrientationLandscapeRight";
				IPHONEOS_DEPLOYMENT_TARGET = 15.0;
				LD_RUNPATH_SEARCH_PATHS = (
					"$(inherited)",
					"@executable_path/Frameworks",
				);
				MARKETING_VERSION = 1.0;
				PRODUCT_BUNDLE_IDENTIFIER = "com.vk-education.tarasyuk.SunaTravel";
				PRODUCT_NAME = "$(TARGET_NAME)";
				SWIFT_EMIT_LOC_STRINGS = YES;
				SWIFT_VERSION = 5.0;
				TARGETED_DEVICE_FAMILY = "1,2";
			};
			name = Release;
		};
/* End XCBuildConfiguration section */

/* Begin XCConfigurationList section */
		58F5CAB82D0785E000A3C1FA /* Build configuration list for PBXProject "SunaTravel" */ = {
			isa = XCConfigurationList;
			buildConfigurations = (
				58F5CAC92D0785E300A3C1FA /* Debug */,
				58F5CACA2D0785E300A3C1FA /* Release */,
			);
			defaultConfigurationIsVisible = 0;
			defaultConfigurationName = Release;
		};
		58F5CACB2D0785E300A3C1FA /* Build configuration list for PBXNativeTarget "SunaTravel" */ = {
			isa = XCConfigurationList;
			buildConfigurations = (
				58F5CACC2D0785E300A3C1FA /* Debug */,
				58F5CACD2D0785E300A3C1FA /* Release */,
			);
			defaultConfigurationIsVisible = 0;
			defaultConfigurationName = Release;
		};
/* End XCConfigurationList section */
	};
	rootObject = 58F5CAB52D0785E000A3C1FA /* Project object */;
}
